
Microsoft Visual Studio Solution File, Format Version 12.00
# Visual Studio Version 16
VisualStudioVersion = 16.0.30523.141
MinimumVisualStudioVersion = 10.0.40219.1
Project("{FAE04EC0-301F-11D3-BF4B-00C04F79EFBC}") = "StructAssignment", "StructAssignment\StructAssignment.csproj", "{2C4C50EE-54D2-4522-B7D9-F73C9A9575BE}"
EndProject
Global
	GlobalSection(SolutionConfigurationPlatforms) = preSolution
		Debug|Any CPU = Debug|Any CPU
		Release|Any CPU = Release|Any CPU
	EndGlobalSection
	GlobalSection(ProjectConfigurationPlatforms) = postSolution
		{2C4C50EE-54D2-4522-B7D9-F73C9A9575BE}.Debug|Any CPU.ActiveCfg = Debug|Any CPU
		{2C4C50EE-54D2-4522-B7D9-F73C9A9575BE}.Debug|Any CPU.Build.0 = Debug|Any CPU
		{2C4C50EE-54D2-4522-B7D9-F73C9A9575BE}.Release|Any CPU.ActiveCfg = Release|Any CPU
		{2C4C50EE-54D2-4522-B7D9-F73C9A9575BE}.Release|Any CPU.Build.0 = Release|Any CPU
	EndGlobalSection
	GlobalSection(SolutionProperties) = preSolution
		HideSolutionNode = FALSE
	EndGlobalSection
	GlobalSection(ExtensibilityGlobals) = postSolution
		SolutionGuid = {27527C29-78B6-4595-932E-6FB11D97919F}
	EndGlobalSection
EndGlobal
