
Microsoft Visual Studio Solution File, Format Version 12.00
# Visual Studio Version 16
VisualStudioVersion = 16.0.30523.141
MinimumVisualStudioVersion = 10.0.40219.1
Project("{FAE04EC0-301F-11D3-BF4B-00C04F79EFBC}") = "LINQExample", "LINQExample\LINQExample.csproj", "{29251144-74AC-40DD-9ECB-1C78732DDBEC}"
EndProject
Global
	GlobalSection(SolutionConfigurationPlatforms) = preSolution
		Debug|Any CPU = Debug|Any CPU
		Release|Any CPU = Release|Any CPU
	EndGlobalSection
	GlobalSection(ProjectConfigurationPlatforms) = postSolution
		{29251144-74AC-40DD-9ECB-1C78732DDBEC}.Debug|Any CPU.ActiveCfg = Debug|Any CPU
		{29251144-74AC-40DD-9ECB-1C78732DDBEC}.Debug|Any CPU.Build.0 = Debug|Any CPU
		{29251144-74AC-40DD-9ECB-1C78732DDBEC}.Release|Any CPU.ActiveCfg = Release|Any CPU
		{29251144-74AC-40DD-9ECB-1C78732DDBEC}.Release|Any CPU.Build.0 = Release|Any CPU
	EndGlobalSection
	GlobalSection(SolutionProperties) = preSolution
		HideSolutionNode = FALSE
	EndGlobalSection
	GlobalSection(ExtensibilityGlobals) = postSolution
		SolutionGuid = {FC09E381-4BDE-470F-97EE-C2852791AE6F}
	EndGlobalSection
EndGlobal
