
Microsoft Visual Studio Solution File, Format Version 12.00
# Visual Studio Version 16
VisualStudioVersion = 16.0.30523.141
MinimumVisualStudioVersion = 10.0.40219.1
Project("{FAE04EC0-301F-11D3-BF4B-00C04F79EFBC}") = "DateTimeAssignment", "DateTimeAssignment\DateTimeAssignment.csproj", "{C29EADEC-7292-4F48-98A4-B80797103B3E}"
EndProject
Global
	GlobalSection(SolutionConfigurationPlatforms) = preSolution
		Debug|Any CPU = Debug|Any CPU
		Release|Any CPU = Release|Any CPU
	EndGlobalSection
	GlobalSection(ProjectConfigurationPlatforms) = postSolution
		{C29EADEC-7292-4F48-98A4-B80797103B3E}.Debug|Any CPU.ActiveCfg = Debug|Any CPU
		{C29EADEC-7292-4F48-98A4-B80797103B3E}.Debug|Any CPU.Build.0 = Debug|Any CPU
		{C29EADEC-7292-4F48-98A4-B80797103B3E}.Release|Any CPU.ActiveCfg = Release|Any CPU
		{C29EADEC-7292-4F48-98A4-B80797103B3E}.Release|Any CPU.Build.0 = Release|Any CPU
	EndGlobalSection
	GlobalSection(SolutionProperties) = preSolution
		HideSolutionNode = FALSE
	EndGlobalSection
	GlobalSection(ExtensibilityGlobals) = postSolution
		SolutionGuid = {0AC15AAA-34DE-4277-99A6-8C8AE9D970CB}
	EndGlobalSection
EndGlobal
