
Microsoft Visual Studio Solution File, Format Version 12.00
# Visual Studio Version 16
VisualStudioVersion = 16.0.30523.141
MinimumVisualStudioVersion = 10.0.40219.1
Project("{FAE04EC0-301F-11D3-BF4B-00C04F79EFBC}") = "MvcTutorial", "MvcTutorial\MvcTutorial.csproj", "{E980ED40-ED46-47FC-898F-B6B0E7BA6CF2}"
EndProject
Global
	GlobalSection(SolutionConfigurationPlatforms) = preSolution
		Debug|Any CPU = Debug|Any CPU
		Release|Any CPU = Release|Any CPU
	EndGlobalSection
	GlobalSection(ProjectConfigurationPlatforms) = postSolution
		{E980ED40-ED46-47FC-898F-B6B0E7BA6CF2}.Debug|Any CPU.ActiveCfg = Debug|Any CPU
		{E980ED40-ED46-47FC-898F-B6B0E7BA6CF2}.Debug|Any CPU.Build.0 = Debug|Any CPU
		{E980ED40-ED46-47FC-898F-B6B0E7BA6CF2}.Release|Any CPU.ActiveCfg = Release|Any CPU
		{E980ED40-ED46-47FC-898F-B6B0E7BA6CF2}.Release|Any CPU.Build.0 = Release|Any CPU
	EndGlobalSection
	GlobalSection(SolutionProperties) = preSolution
		HideSolutionNode = FALSE
	EndGlobalSection
	GlobalSection(ExtensibilityGlobals) = postSolution
		SolutionGuid = {02461E8F-37F0-4879-9F4A-CFC2BE730F17}
	EndGlobalSection
EndGlobal
