
Microsoft Visual Studio Solution File, Format Version 12.00
# Visual Studio Version 16
VisualStudioVersion = 16.0.30523.141
MinimumVisualStudioVersion = 10.0.40219.1
Project("{FAE04EC0-301F-11D3-BF4B-00C04F79EFBC}") = "FilIe_IO_logAssignment", "FilIe_IO_logAssignment\FilIe_IO_logAssignment.csproj", "{2E5CB2B2-A6AE-4863-87C0-5EB576265BA2}"
EndProject
Global
	GlobalSection(SolutionConfigurationPlatforms) = preSolution
		Debug|Any CPU = Debug|Any CPU
		Release|Any CPU = Release|Any CPU
	EndGlobalSection
	GlobalSection(ProjectConfigurationPlatforms) = postSolution
		{2E5CB2B2-A6AE-4863-87C0-5EB576265BA2}.Debug|Any CPU.ActiveCfg = Debug|Any CPU
		{2E5CB2B2-A6AE-4863-87C0-5EB576265BA2}.Debug|Any CPU.Build.0 = Debug|Any CPU
		{2E5CB2B2-A6AE-4863-87C0-5EB576265BA2}.Release|Any CPU.ActiveCfg = Release|Any CPU
		{2E5CB2B2-A6AE-4863-87C0-5EB576265BA2}.Release|Any CPU.Build.0 = Release|Any CPU
	EndGlobalSection
	GlobalSection(SolutionProperties) = preSolution
		HideSolutionNode = FALSE
	EndGlobalSection
	GlobalSection(ExtensibilityGlobals) = postSolution
		SolutionGuid = {18D0FACD-DB9B-49DF-AF3C-4E788484FE50}
	EndGlobalSection
EndGlobal
