
Microsoft Visual Studio Solution File, Format Version 12.00
# Visual Studio Version 16
VisualStudioVersion = 16.0.30523.141
MinimumVisualStudioVersion = 10.0.40219.1
Project("{FAE04EC0-301F-11D3-BF4B-00C04F79EFBC}") = "StringAssignment", "StringAssignment\StringAssignment.csproj", "{90D82794-0D50-43CC-B79A-C13719A28184}"
EndProject
Global
	GlobalSection(SolutionConfigurationPlatforms) = preSolution
		Debug|Any CPU = Debug|Any CPU
		Release|Any CPU = Release|Any CPU
	EndGlobalSection
	GlobalSection(ProjectConfigurationPlatforms) = postSolution
		{90D82794-0D50-43CC-B79A-C13719A28184}.Debug|Any CPU.ActiveCfg = Debug|Any CPU
		{90D82794-0D50-43CC-B79A-C13719A28184}.Debug|Any CPU.Build.0 = Debug|Any CPU
		{90D82794-0D50-43CC-B79A-C13719A28184}.Release|Any CPU.ActiveCfg = Release|Any CPU
		{90D82794-0D50-43CC-B79A-C13719A28184}.Release|Any CPU.Build.0 = Release|Any CPU
	EndGlobalSection
	GlobalSection(SolutionProperties) = preSolution
		HideSolutionNode = FALSE
	EndGlobalSection
	GlobalSection(ExtensibilityGlobals) = postSolution
		SolutionGuid = {6C01AFA0-B2CC-4FB5-B20C-6C371B239482}
	EndGlobalSection
EndGlobal
