
Microsoft Visual Studio Solution File, Format Version 12.00
# Visual Studio Version 16
VisualStudioVersion = 16.0.30523.141
MinimumVisualStudioVersion = 10.0.40219.1
Project("{FAE04EC0-301F-11D3-BF4B-00C04F79EFBC}") = "ClassObjectAssignment", "ClassObjectAssignment\ClassObjectAssignment.csproj", "{308C3550-BB2D-49E3-98B0-6CFCBBDF4FB5}"
EndProject
Global
	GlobalSection(SolutionConfigurationPlatforms) = preSolution
		Debug|Any CPU = Debug|Any CPU
		Release|Any CPU = Release|Any CPU
	EndGlobalSection
	GlobalSection(ProjectConfigurationPlatforms) = postSolution
		{308C3550-BB2D-49E3-98B0-6CFCBBDF4FB5}.Debug|Any CPU.ActiveCfg = Debug|Any CPU
		{308C3550-BB2D-49E3-98B0-6CFCBBDF4FB5}.Debug|Any CPU.Build.0 = Debug|Any CPU
		{308C3550-BB2D-49E3-98B0-6CFCBBDF4FB5}.Release|Any CPU.ActiveCfg = Release|Any CPU
		{308C3550-BB2D-49E3-98B0-6CFCBBDF4FB5}.Release|Any CPU.Build.0 = Release|Any CPU
	EndGlobalSection
	GlobalSection(SolutionProperties) = preSolution
		HideSolutionNode = FALSE
	EndGlobalSection
	GlobalSection(ExtensibilityGlobals) = postSolution
		SolutionGuid = {B0701F4D-35A7-4934-988C-F91325D59CB4}
	EndGlobalSection
EndGlobal
